{
  "name": "ecma5",
  "version": "1.0.0",
  "lockfileVersion": 1,
  "requires": true,
  "dependencies": {
    "jeefo_tokenizer": {
      "version": "0.0.36",
      "resolved": "https://registry.npmjs.org/jeefo_tokenizer/-/jeefo_tokenizer-0.0.36.tgz",
      "integrity": "sha512-u08UAHM0xxDMb63GCaccAsdF9S5BestJp2yoWh3JpLux/4DHZdm5GWJY5PrkGz+UDDwisl9mvit5ZsfUUenfRw=="
    }
  }
}
